// !$*UTF8*$!
{
	archiveVersion = 1;
	classes = {
	};
	objectVersion = 46;
	objects = {

/* Begin PBXBuildFile section */
		75CAE8BE1978BDDD00DAC68B /* AddPhotoViewController.m in Sources */ = {isa = PBXBuildFile; fileRef = 75CAE8BD1978BDDD00DAC68B /* AddPhotoViewController.m */; };
		F757C4C71942F867005274A0 /* PhotosByPhotographerMapViewController.m in Sources */ = {isa = PBXBuildFile; fileRef = F757C4C61942F867005274A0 /* PhotosByPhotographerMapViewController.m */; };
		F757C4C91942F9C3005274A0 /* MapKit.framework in Frameworks */ = {isa = PBXBuildFile; fileRef = F757C4C81942F9C3005274A0 /* MapKit.framework */; };
		F757C4CC1942FCB7005274A0 /* Photo.m in Sources */ = {isa = PBXBuildFile; fileRef = F757C4CB1942FCB7005274A0 /* Photo.m */; };
		F757C4CF1942FF26005274A0 /* Photo+Annotation.m in Sources */ = {isa = PBXBuildFile; fileRef = F757C4CE1942FF26005274A0 /* Photo+Annotation.m */; };
		F757C4D219432204005274A0 /* PhotosByPhotographerImageViewController.m in Sources */ = {isa = PBXBuildFile; fileRef = F757C4D119432204005274A0 /* PhotosByPhotographerImageViewController.m */; };
		F76C96B519397E7C00271859 /* URLViewController.m in Sources */ = {isa = PBXBuildFile; fileRef = F76C96B419397E7C00271859 /* URLViewController.m */; };
		F7873D31192F3051005C7294 /* Foundation.framework in Frameworks */ = {isa = PBXBuildFile; fileRef = F7873D30192F3051005C7294 /* Foundation.framework */; };
		F7873D33192F3051005C7294 /* CoreGraphics.framework in Frameworks */ = {isa = PBXBuildFile; fileRef = F7873D32192F3051005C7294 /* CoreGraphics.framework */; };
		F7873D35192F3051005C7294 /* UIKit.framework in Frameworks */ = {isa = PBXBuildFile; fileRef = F7873D34192F3051005C7294 /* UIKit.framework */; };
		F7873D3B192F3051005C7294 /* InfoPlist.strings in Resources */ = {isa = PBXBuildFile; fileRef = F7873D39192F3051005C7294 /* InfoPlist.strings */; };
		F7873D3D192F3051005C7294 /* main.m in Sources */ = {isa = PBXBuildFile; fileRef = F7873D3C192F3051005C7294 /* main.m */; };
		F7873D41192F3051005C7294 /* PhotomaniaAppDelegate.m in Sources */ = {isa = PBXBuildFile; fileRef = F7873D40192F3051005C7294 /* PhotomaniaAppDelegate.m */; };
		F7873D44192F3051005C7294 /* Main_iPhone.storyboard in Resources */ = {isa = PBXBuildFile; fileRef = F7873D42192F3051005C7294 /* Main_iPhone.storyboard */; };
		F7873D47192F3051005C7294 /* Main_iPad.storyboard in Resources */ = {isa = PBXBuildFile; fileRef = F7873D45192F3051005C7294 /* Main_iPad.storyboard */; };
		F7873D4A192F3051005C7294 /* PhotomaniaViewController.m in Sources */ = {isa = PBXBuildFile; fileRef = F7873D49192F3051005C7294 /* PhotomaniaViewController.m */; };
		F7873D4C192F3051005C7294 /* Images.xcassets in Resources */ = {isa = PBXBuildFile; fileRef = F7873D4B192F3051005C7294 /* Images.xcassets */; };
		F7873D53192F3052005C7294 /* XCTest.framework in Frameworks */ = {isa = PBXBuildFile; fileRef = F7873D52192F3052005C7294 /* XCTest.framework */; };
		F7873D54192F3052005C7294 /* Foundation.framework in Frameworks */ = {isa = PBXBuildFile; fileRef = F7873D30192F3051005C7294 /* Foundation.framework */; };
		F7873D55192F3052005C7294 /* UIKit.framework in Frameworks */ = {isa = PBXBuildFile; fileRef = F7873D34192F3051005C7294 /* UIKit.framework */; };
		F7873D5D192F3052005C7294 /* InfoPlist.strings in Resources */ = {isa = PBXBuildFile; fileRef = F7873D5B192F3052005C7294 /* InfoPlist.strings */; };
		F7873D5F192F3052005C7294 /* PhotomaniaTests.m in Sources */ = {isa = PBXBuildFile; fileRef = F7873D5E192F3052005C7294 /* PhotomaniaTests.m */; };
		F7873D6A192F30B6005C7294 /* Photomania.xcdatamodeld in Sources */ = {isa = PBXBuildFile; fileRef = F7873D68192F30B6005C7294 /* Photomania.xcdatamodeld */; };
		F7873D76192F3263005C7294 /* Photographer.m in Sources */ = {isa = PBXBuildFile; fileRef = F7873D75192F3263005C7294 /* Photographer.m */; };
		F7873D79192F32A9005C7294 /* Photo+Flickr.m in Sources */ = {isa = PBXBuildFile; fileRef = F7873D78192F32A9005C7294 /* Photo+Flickr.m */; };
		F7873D7E192F348D005C7294 /* FlickrFetcher.m in Sources */ = {isa = PBXBuildFile; fileRef = F7873D7D192F348D005C7294 /* FlickrFetcher.m */; };
		F7873D81192F38D9005C7294 /* Photographer+Create.m in Sources */ = {isa = PBXBuildFile; fileRef = F7873D80192F38D9005C7294 /* Photographer+Create.m */; };
		F7873D88192F4582005C7294 /* CoreDataTableViewController.m in Sources */ = {isa = PBXBuildFile; fileRef = F7873D84192F4582005C7294 /* CoreDataTableViewController.m */; };
		F7873D89192F4582005C7294 /* PhotomaniaAppDelegate+MOC.m in Sources */ = {isa = PBXBuildFile; fileRef = F7873D87192F4582005C7294 /* PhotomaniaAppDelegate+MOC.m */; };
		F7873D8C1931CDF0005C7294 /* PhotographerCDTVC.m in Sources */ = {isa = PBXBuildFile; fileRef = F7873D8B1931CDF0005C7294 /* PhotographerCDTVC.m */; };
		F7873D90193962B5005C7294 /* ImageViewController.m in Sources */ = {isa = PBXBuildFile; fileRef = F7873D8F193962B5005C7294 /* ImageViewController.m */; };
		F7873D95193968E0005C7294 /* PhotosByPhotographerCDTVC.m in Sources */ = {isa = PBXBuildFile; fileRef = F7873D94193968E0005C7294 /* PhotosByPhotographerCDTVC.m */; };
		F7873D981939714A005C7294 /* PhotosCDTVC.m in Sources */ = {isa = PBXBuildFile; fileRef = F7873D971939714A005C7294 /* PhotosCDTVC.m */; };
/* End PBXBuildFile section */

/* Begin PBXContainerItemProxy section */
		F7873D56192F3052005C7294 /* PBXContainerItemProxy */ = {
			isa = PBXContainerItemProxy;
			containerPortal = F7873D25192F3051005C7294 /* Project object */;
			proxyType = 1;
			remoteGlobalIDString = F7873D2C192F3051005C7294;
			remoteInfo = Photomania;
		};
/* End PBXContainerItemProxy section */

/* Begin PBXFileReference section */
		75CAE8BC1978BDDD00DAC68B /* AddPhotoViewController.h */ = {isa = PBXFileReference; fileEncoding = 4; lastKnownFileType = sourcecode.c.h; path = AddPhotoViewController.h; sourceTree = "<group>"; };
		75CAE8BD1978BDDD00DAC68B /* AddPhotoViewController.m */ = {isa = PBXFileReference; fileEncoding = 4; lastKnownFileType = sourcecode.c.objc; path = AddPhotoViewController.m; sourceTree = "<group>"; };
		F757C4C51942F867005274A0 /* PhotosByPhotographerMapViewController.h */ = {isa = PBXFileReference; fileEncoding = 4; lastKnownFileType = sourcecode.c.h; path = PhotosByPhotographerMapViewController.h; sourceTree = "<group>"; };
		F757C4C61942F867005274A0 /* PhotosByPhotographerMapViewController.m */ = {isa = PBXFileReference; fileEncoding = 4; lastKnownFileType = sourcecode.c.objc; path = PhotosByPhotographerMapViewController.m; sourceTree = "<group>"; };
		F757C4C81942F9C3005274A0 /* MapKit.framework */ = {isa = PBXFileReference; lastKnownFileType = wrapper.framework; name = MapKit.framework; path = System/Library/Frameworks/MapKit.framework; sourceTree = SDKROOT; };
		F757C4CA1942FCB7005274A0 /* Photo.h */ = {isa = PBXFileReference; fileEncoding = 4; lastKnownFileType = sourcecode.c.h; path = Photo.h; sourceTree = "<group>"; };
		F757C4CB1942FCB7005274A0 /* Photo.m */ = {isa = PBXFileReference; fileEncoding = 4; lastKnownFileType = sourcecode.c.objc; path = Photo.m; sourceTree = "<group>"; };
		F757C4CD1942FF26005274A0 /* Photo+Annotation.h */ = {isa = PBXFileReference; fileEncoding = 4; lastKnownFileType = sourcecode.c.h; path = "Photo+Annotation.h"; sourceTree = "<group>"; };
		F757C4CE1942FF26005274A0 /* Photo+Annotation.m */ = {isa = PBXFileReference; fileEncoding = 4; lastKnownFileType = sourcecode.c.objc; path = "Photo+Annotation.m"; sourceTree = "<group>"; };
		F757C4D019432204005274A0 /* PhotosByPhotographerImageViewController.h */ = {isa = PBXFileReference; fileEncoding = 4; lastKnownFileType = sourcecode.c.h; path = PhotosByPhotographerImageViewController.h; sourceTree = "<group>"; };
		F757C4D119432204005274A0 /* PhotosByPhotographerImageViewController.m */ = {isa = PBXFileReference; fileEncoding = 4; lastKnownFileType = sourcecode.c.objc; path = PhotosByPhotographerImageViewController.m; sourceTree = "<group>"; };
		F76C96B319397E7C00271859 /* URLViewController.h */ = {isa = PBXFileReference; fileEncoding = 4; lastKnownFileType = sourcecode.c.h; path = URLViewController.h; sourceTree = "<group>"; };
		F76C96B419397E7C00271859 /* URLViewController.m */ = {isa = PBXFileReference; fileEncoding = 4; lastKnownFileType = sourcecode.c.objc; path = URLViewController.m; sourceTree = "<group>"; };
		F7873D2D192F3051005C7294 /* Photomania.app */ = {isa = PBXFileReference; explicitFileType = wrapper.application; includeInIndex = 0; path = Photomania.app; sourceTree = BUILT_PRODUCTS_DIR; };
		F7873D30192F3051005C7294 /* Foundation.framework */ = {isa = PBXFileReference; lastKnownFileType = wrapper.framework; name = Foundation.framework; path = System/Library/Frameworks/Foundation.framework; sourceTree = SDKROOT; };
		F7873D32192F3051005C7294 /* CoreGraphics.framework */ = {isa = PBXFileReference; lastKnownFileType = wrapper.framework; name = CoreGraphics.framework; path = System/Library/Frameworks/CoreGraphics.framework; sourceTree = SDKROOT; };
		F7873D34192F3051005C7294 /* UIKit.framework */ = {isa = PBXFileReference; lastKnownFileType = wrapper.framework; name = UIKit.framework; path = System/Library/Frameworks/UIKit.framework; sourceTree = SDKROOT; };
		F7873D38192F3051005C7294 /* Photomania-Info.plist */ = {isa = PBXFileReference; lastKnownFileType = text.plist.xml; path = "Photomania-Info.plist"; sourceTree = "<group>"; };
		F7873D3A192F3051005C7294 /* en */ = {isa = PBXFileReference; lastKnownFileType = text.plist.strings; name = en; path = en.lproj/InfoPlist.strings; sourceTree = "<group>"; };
		F7873D3C192F3051005C7294 /* main.m */ = {isa = PBXFileReference; lastKnownFileType = sourcecode.c.objc; path = main.m; sourceTree = "<group>"; };
		F7873D3E192F3051005C7294 /* Photomania-Prefix.pch */ = {isa = PBXFileReference; lastKnownFileType = sourcecode.c.h; path = "Photomania-Prefix.pch"; sourceTree = "<group>"; };
		F7873D3F192F3051005C7294 /* PhotomaniaAppDelegate.h */ = {isa = PBXFileReference; lastKnownFileType = sourcecode.c.h; path = PhotomaniaAppDelegate.h; sourceTree = "<group>"; };
		F7873D40192F3051005C7294 /* PhotomaniaAppDelegate.m */ = {isa = PBXFileReference; lastKnownFileType = sourcecode.c.objc; path = PhotomaniaAppDelegate.m; sourceTree = "<group>"; };
		F7873D43192F3051005C7294 /* Base */ = {isa = PBXFileReference; lastKnownFileType = file.storyboard; name = Base; path = Base.lproj/Main_iPhone.storyboard; sourceTree = "<group>"; };
		F7873D46192F3051005C7294 /* Base */ = {isa = PBXFileReference; lastKnownFileType = file.storyboard; name = Base; path = Base.lproj/Main_iPad.storyboard; sourceTree = "<group>"; };
		F7873D48192F3051005C7294 /* PhotomaniaViewController.h */ = {isa = PBXFileReference; lastKnownFileType = sourcecode.c.h; path = PhotomaniaViewController.h; sourceTree = "<group>"; };
		F7873D49192F3051005C7294 /* PhotomaniaViewController.m */ = {isa = PBXFileReference; lastKnownFileType = sourcecode.c.objc; path = PhotomaniaViewController.m; sourceTree = "<group>"; };
		F7873D4B192F3051005C7294 /* Images.xcassets */ = {isa = PBXFileReference; lastKnownFileType = folder.assetcatalog; path = Images.xcassets; sourceTree = "<group>"; };
		F7873D51192F3052005C7294 /* PhotomaniaTests.xctest */ = {isa = PBXFileReference; explicitFileType = wrapper.cfbundle; includeInIndex = 0; path = PhotomaniaTests.xctest; sourceTree = BUILT_PRODUCTS_DIR; };
		F7873D52192F3052005C7294 /* XCTest.framework */ = {isa = PBXFileReference; lastKnownFileType = wrapper.framework; name = XCTest.framework; path = Library/Frameworks/XCTest.framework; sourceTree = DEVELOPER_DIR; };
		F7873D5A192F3052005C7294 /* PhotomaniaTests-Info.plist */ = {isa = PBXFileReference; lastKnownFileType = text.plist.xml; path = "PhotomaniaTests-Info.plist"; sourceTree = "<group>"; };
		F7873D5C192F3052005C7294 /* en */ = {isa = PBXFileReference; lastKnownFileType = text.plist.strings; name = en; path = en.lproj/InfoPlist.strings; sourceTree = "<group>"; };
		F7873D5E192F3052005C7294 /* PhotomaniaTests.m */ = {isa = PBXFileReference; lastKnownFileType = sourcecode.c.objc; path = PhotomaniaTests.m; sourceTree = "<group>"; };
		F7873D69192F30B6005C7294 /* Photomania.xcdatamodel */ = {isa = PBXFileReference; lastKnownFileType = wrapper.xcdatamodel; path = Photomania.xcdatamodel; sourceTree = "<group>"; };
		F7873D74192F3263005C7294 /* Photographer.h */ = {isa = PBXFileReference; fileEncoding = 4; lastKnownFileType = sourcecode.c.h; path = Photographer.h; sourceTree = "<group>"; };
		F7873D75192F3263005C7294 /* Photographer.m */ = {isa = PBXFileReference; fileEncoding = 4; lastKnownFileType = sourcecode.c.objc; path = Photographer.m; sourceTree = "<group>"; };
		F7873D77192F32A9005C7294 /* Photo+Flickr.h */ = {isa = PBXFileReference; fileEncoding = 4; lastKnownFileType = sourcecode.c.h; path = "Photo+Flickr.h"; sourceTree = "<group>"; };
		F7873D78192F32A9005C7294 /* Photo+Flickr.m */ = {isa = PBXFileReference; fileEncoding = 4; lastKnownFileType = sourcecode.c.objc; path = "Photo+Flickr.m"; sourceTree = "<group>"; };
		F7873D7B192F348D005C7294 /* FlickrAPIKey.h */ = {isa = PBXFileReference; fileEncoding = 4; lastKnownFileType = sourcecode.c.h; path = FlickrAPIKey.h; sourceTree = "<group>"; };
		F7873D7C192F348D005C7294 /* FlickrFetcher.h */ = {isa = PBXFileReference; fileEncoding = 4; lastKnownFileType = sourcecode.c.h; path = FlickrFetcher.h; sourceTree = "<group>"; };
		F7873D7D192F348D005C7294 /* FlickrFetcher.m */ = {isa = PBXFileReference; fileEncoding = 4; lastKnownFileType = sourcecode.c.objc; path = FlickrFetcher.m; sourceTree = "<group>"; };
		F7873D7F192F38D9005C7294 /* Photographer+Create.h */ = {isa = PBXFileReference; fileEncoding = 4; lastKnownFileType = sourcecode.c.h; name = "Photographer+Create.h"; path = "Photomania/Photographer+Create.h"; sourceTree = SOURCE_ROOT; };
		F7873D80192F38D9005C7294 /* Photographer+Create.m */ = {isa = PBXFileReference; fileEncoding = 4; lastKnownFileType = sourcecode.c.objc; name = "Photographer+Create.m"; path = "Photomania/Photographer+Create.m"; sourceTree = SOURCE_ROOT; };
		F7873D83192F4582005C7294 /* CoreDataTableViewController.h */ = {isa = PBXFileReference; fileEncoding = 4; lastKnownFileType = sourcecode.c.h; path = CoreDataTableViewController.h; sourceTree = "<group>"; };
		F7873D84192F4582005C7294 /* CoreDataTableViewController.m */ = {isa = PBXFileReference; fileEncoding = 4; lastKnownFileType = sourcecode.c.objc; path = CoreDataTableViewController.m; sourceTree = "<group>"; };
		F7873D86192F4582005C7294 /* PhotomaniaAppDelegate+MOC.h */ = {isa = PBXFileReference; fileEncoding = 4; lastKnownFileType = sourcecode.c.h; path = "PhotomaniaAppDelegate+MOC.h"; sourceTree = "<group>"; };
		F7873D87192F4582005C7294 /* PhotomaniaAppDelegate+MOC.m */ = {isa = PBXFileReference; fileEncoding = 4; lastKnownFileType = sourcecode.c.objc; path = "PhotomaniaAppDelegate+MOC.m"; sourceTree = "<group>"; };
		F7873D8A1931CDF0005C7294 /* PhotographerCDTVC.h */ = {isa = PBXFileReference; fileEncoding = 4; lastKnownFileType = sourcecode.c.h; name = PhotographerCDTVC.h; path = ../PhotographerCDTVC.h; sourceTree = "<group>"; };
		F7873D8B1931CDF0005C7294 /* PhotographerCDTVC.m */ = {isa = PBXFileReference; fileEncoding = 4; lastKnownFileType = sourcecode.c.objc; name = PhotographerCDTVC.m; path = ../PhotographerCDTVC.m; sourceTree = "<group>"; };
		F7873D8D1931DA91005C7294 /* PhotoDatabaseAvailability.h */ = {isa = PBXFileReference; lastKnownFileType = sourcecode.c.h; path = PhotoDatabaseAvailability.h; sourceTree = "<group>"; };
		F7873D8E193962B5005C7294 /* ImageViewController.h */ = {isa = PBXFileReference; fileEncoding = 4; lastKnownFileType = sourcecode.c.h; path = ImageViewController.h; sourceTree = "<group>"; };
		F7873D8F193962B5005C7294 /* ImageViewController.m */ = {isa = PBXFileReference; fileEncoding = 4; lastKnownFileType = sourcecode.c.objc; path = ImageViewController.m; sourceTree = "<group>"; };
		F7873D93193968E0005C7294 /* PhotosByPhotographerCDTVC.h */ = {isa = PBXFileReference; fileEncoding = 4; lastKnownFileType = sourcecode.c.h; path = PhotosByPhotographerCDTVC.h; sourceTree = "<group>"; };
		F7873D94193968E0005C7294 /* PhotosByPhotographerCDTVC.m */ = {isa = PBXFileReference; fileEncoding = 4; lastKnownFileType = sourcecode.c.objc; path = PhotosByPhotographerCDTVC.m; sourceTree = "<group>"; };
		F7873D961939714A005C7294 /* PhotosCDTVC.h */ = {isa = PBXFileReference; fileEncoding = 4; lastKnownFileType = sourcecode.c.h; path = PhotosCDTVC.h; sourceTree = "<group>"; };
		F7873D971939714A005C7294 /* PhotosCDTVC.m */ = {isa = PBXFileReference; fileEncoding = 4; lastKnownFileType = sourcecode.c.objc; path = PhotosCDTVC.m; sourceTree = "<group>"; };
/* End PBXFileReference section */

/* Begin PBXFrameworksBuildPhase section */
		F7873D2A192F3051005C7294 /* Frameworks */ = {
			isa = PBXFrameworksBuildPhase;
			buildActionMask = 2147483647;
			files = (
				F757C4C91942F9C3005274A0 /* MapKit.framework in Frameworks */,
				F7873D33192F3051005C7294 /* CoreGraphics.framework in Frameworks */,
				F7873D35192F3051005C7294 /* UIKit.framework in Frameworks */,
				F7873D31192F3051005C7294 /* Foundation.framework in Frameworks */,
			);
			runOnlyForDeploymentPostprocessing = 0;
		};
		F7873D4E192F3052005C7294 /* Frameworks */ = {
			isa = PBXFrameworksBuildPhase;
			buildActionMask = 2147483647;
			files = (
				F7873D53192F3052005C7294 /* XCTest.framework in Frameworks */,
				F7873D55192F3052005C7294 /* UIKit.framework in Frameworks */,
				F7873D54192F3052005C7294 /* Foundation.framework in Frameworks */,
			);
			runOnlyForDeploymentPostprocessing = 0;
		};
/* End PBXFrameworksBuildPhase section */

/* Begin PBXGroup section */
		F7873D24192F3051005C7294 = {
			isa = PBXGroup;
			children = (
				F7873D36192F3051005C7294 /* Photomania */,
				F7873D58192F3052005C7294 /* PhotomaniaTests */,
				F7873D2F192F3051005C7294 /* Frameworks */,
				F7873D2E192F3051005C7294 /* Products */,
			);
			sourceTree = "<group>";
		};
		F7873D2E192F3051005C7294 /* Products */ = {
			isa = PBXGroup;
			children = (
				F7873D2D192F3051005C7294 /* Photomania.app */,
				F7873D51192F3052005C7294 /* PhotomaniaTests.xctest */,
			);
			name = Products;
			sourceTree = "<group>";
		};
		F7873D2F192F3051005C7294 /* Frameworks */ = {
			isa = PBXGroup;
			children = (
				F757C4C81942F9C3005274A0 /* MapKit.framework */,
				F7873D30192F3051005C7294 /* Foundation.framework */,
				F7873D32192F3051005C7294 /* CoreGraphics.framework */,
				F7873D34192F3051005C7294 /* UIKit.framework */,
				F7873D52192F3052005C7294 /* XCTest.framework */,
			);
			name = Frameworks;
			sourceTree = "<group>";
		};
		F7873D36192F3051005C7294 /* Photomania */ = {
			isa = PBXGroup;
			children = (
				F7873D92193962FA005C7294 /* model */,
				F7873D91193962D3005C7294 /* Controller */,
				F7873D7A192F348D005C7294 /* Flickr Fetcher */,
				F7873D68192F30B6005C7294 /* Photomania.xcdatamodeld */,
				F7873D3F192F3051005C7294 /* PhotomaniaAppDelegate.h */,
				F7873D40192F3051005C7294 /* PhotomaniaAppDelegate.m */,
				F7873D8D1931DA91005C7294 /* PhotoDatabaseAvailability.h */,
				F7873D42192F3051005C7294 /* Main_iPhone.storyboard */,
				F7873D45192F3051005C7294 /* Main_iPad.storyboard */,
				F7873D4B192F3051005C7294 /* Images.xcassets */,
				F7873D37192F3051005C7294 /* Supporting Files */,
			);
			path = Photomania;
			sourceTree = "<group>";
		};
		F7873D37192F3051005C7294 /* Supporting Files */ = {
			isa = PBXGroup;
			children = (
				F7873D38192F3051005C7294 /* Photomania-Info.plist */,
				F7873D39192F3051005C7294 /* InfoPlist.strings */,
				F7873D3C192F3051005C7294 /* main.m */,
				F7873D3E192F3051005C7294 /* Photomania-Prefix.pch */,
			);
			name = "Supporting Files";
			sourceTree = "<group>";
		};
		F7873D58192F3052005C7294 /* PhotomaniaTests */ = {
			isa = PBXGroup;
			children = (
				F7873D5E192F3052005C7294 /* PhotomaniaTests.m */,
				F7873D59192F3052005C7294 /* Supporting Files */,
			);
			path = PhotomaniaTests;
			sourceTree = "<group>";
		};
		F7873D59192F3052005C7294 /* Supporting Files */ = {
			isa = PBXGroup;
			children = (
				F7873D5A192F3052005C7294 /* PhotomaniaTests-Info.plist */,
				F7873D5B192F3052005C7294 /* InfoPlist.strings */,
			);
			name = "Supporting Files";
			sourceTree = "<group>";
		};
		F7873D7A192F348D005C7294 /* Flickr Fetcher */ = {
			isa = PBXGroup;
			children = (
				F7873D7B192F348D005C7294 /* FlickrAPIKey.h */,
				F7873D7C192F348D005C7294 /* FlickrFetcher.h */,
				F7873D7D192F348D005C7294 /* FlickrFetcher.m */,
			);
			path = "Flickr Fetcher";
			sourceTree = "<group>";
		};
		F7873D82192F4582005C7294 /* CoreDataTableViewController */ = {
			isa = PBXGroup;
			children = (
				F7873D83192F4582005C7294 /* CoreDataTableViewController.h */,
				F7873D84192F4582005C7294 /* CoreDataTableViewController.m */,
				F7873D85192F4582005C7294 /* MOC */,
			);
			path = CoreDataTableViewController;
			sourceTree = "<group>";
		};
		F7873D85192F4582005C7294 /* MOC */ = {
			isa = PBXGroup;
			children = (
				F7873D86192F4582005C7294 /* PhotomaniaAppDelegate+MOC.h */,
				F7873D87192F4582005C7294 /* PhotomaniaAppDelegate+MOC.m */,
			);
			path = MOC;
			sourceTree = "<group>";
		};
		F7873D91193962D3005C7294 /* Controller */ = {
			isa = PBXGroup;
			children = (
				75CAE8BC1978BDDD00DAC68B /* AddPhotoViewController.h */,
				75CAE8BD1978BDDD00DAC68B /* AddPhotoViewController.m */,
				F757C4D019432204005274A0 /* PhotosByPhotographerImageViewController.h */,
				F757C4D119432204005274A0 /* PhotosByPhotographerImageViewController.m */,
				F757C4C51942F867005274A0 /* PhotosByPhotographerMapViewController.h */,
				F757C4C61942F867005274A0 /* PhotosByPhotographerMapViewController.m */,
				F76C96B319397E7C00271859 /* URLViewController.h */,
				F76C96B419397E7C00271859 /* URLViewController.m */,
				F7873D93193968E0005C7294 /* PhotosByPhotographerCDTVC.h */,
				F7873D94193968E0005C7294 /* PhotosByPhotographerCDTVC.m */,
				F7873D961939714A005C7294 /* PhotosCDTVC.h */,
				F7873D971939714A005C7294 /* PhotosCDTVC.m */,
				F7873D48192F3051005C7294 /* PhotomaniaViewController.h */,
				F7873D49192F3051005C7294 /* PhotomaniaViewController.m */,
				F7873D82192F4582005C7294 /* CoreDataTableViewController */,
				F7873D8A1931CDF0005C7294 /* PhotographerCDTVC.h */,
				F7873D8B1931CDF0005C7294 /* PhotographerCDTVC.m */,
				F7873D8E193962B5005C7294 /* ImageViewController.h */,
				F7873D8F193962B5005C7294 /* ImageViewController.m */,
			);
			name = Controller;
			sourceTree = "<group>";
		};
		F7873D92193962FA005C7294 /* model */ = {
			isa = PBXGroup;
			children = (
				F757C4CA1942FCB7005274A0 /* Photo.h */,
				F757C4CB1942FCB7005274A0 /* Photo.m */,
				F7873D74192F3263005C7294 /* Photographer.h */,
				F7873D75192F3263005C7294 /* Photographer.m */,
				F7873D7F192F38D9005C7294 /* Photographer+Create.h */,
				F7873D80192F38D9005C7294 /* Photographer+Create.m */,
				F7873D77192F32A9005C7294 /* Photo+Flickr.h */,
				F7873D78192F32A9005C7294 /* Photo+Flickr.m */,
				F757C4CD1942FF26005274A0 /* Photo+Annotation.h */,
				F757C4CE1942FF26005274A0 /* Photo+Annotation.m */,
			);
			name = model;
			sourceTree = "<group>";
		};
/* End PBXGroup section */

/* Begin PBXNativeTarget section */
		F7873D2C192F3051005C7294 /* Photomania */ = {
			isa = PBXNativeTarget;
			buildConfigurationList = F7873D62192F3052005C7294 /* Build configuration list for PBXNativeTarget "Photomania" */;
			buildPhases = (
				F7873D29192F3051005C7294 /* Sources */,
				F7873D2A192F3051005C7294 /* Frameworks */,
				F7873D2B192F3051005C7294 /* Resources */,
			);
			buildRules = (
			);
			dependencies = (
			);
			name = Photomania;
			productName = Photomania;
			productReference = F7873D2D192F3051005C7294 /* Photomania.app */;
			productType = "com.apple.product-type.application";
		};
		F7873D50192F3052005C7294 /* PhotomaniaTests */ = {
			isa = PBXNativeTarget;
			buildConfigurationList = F7873D65192F3052005C7294 /* Build configuration list for PBXNativeTarget "PhotomaniaTests" */;
			buildPhases = (
				F7873D4D192F3052005C7294 /* Sources */,
				F7873D4E192F3052005C7294 /* Frameworks */,
				F7873D4F192F3052005C7294 /* Resources */,
			);
			buildRules = (
			);
			dependencies = (
				F7873D57192F3052005C7294 /* PBXTargetDependency */,
			);
			name = PhotomaniaTests;
			productName = PhotomaniaTests;
			productReference = F7873D51192F3052005C7294 /* PhotomaniaTests.xctest */;
			productType = "com.apple.product-type.bundle.unit-test";
		};
/* End PBXNativeTarget section */

/* Begin PBXProject section */
		F7873D25192F3051005C7294 /* Project object */ = {
			isa = PBXProject;
			attributes = {
				CLASSPREFIX = Photomania;
				LastUpgradeCheck = 0510;
				ORGANIZATIONNAME = house;
				TargetAttributes = {
					F7873D2C192F3051005C7294 = {
						SystemCapabilities = {
							com.apple.BackgroundModes = {
								enabled = 1;
							};
						};
					};
					F7873D50192F3052005C7294 = {
						TestTargetID = F7873D2C192F3051005C7294;
					};
				};
			};
			buildConfigurationList = F7873D28192F3051005C7294 /* Build configuration list for PBXProject "Photomania" */;
			compatibilityVersion = "Xcode 3.2";
			developmentRegion = English;
			hasScannedForEncodings = 0;
			knownRegions = (
				en,
				Base,
			);
			mainGroup = F7873D24192F3051005C7294;
			productRefGroup = F7873D2E192F3051005C7294 /* Products */;
			projectDirPath = "";
			projectRoot = "";
			targets = (
				F7873D2C192F3051005C7294 /* Photomania */,
				F7873D50192F3052005C7294 /* PhotomaniaTests */,
			);
		};
/* End PBXProject section */

/* Begin PBXResourcesBuildPhase section */
		F7873D2B192F3051005C7294 /* Resources */ = {
			isa = PBXResourcesBuildPhase;
			buildActionMask = 2147483647;
			files = (
				F7873D47192F3051005C7294 /* Main_iPad.storyboard in Resources */,
				F7873D4C192F3051005C7294 /* Images.xcassets in Resources */,
				F7873D44192F3051005C7294 /* Main_iPhone.storyboard in Resources */,
				F7873D3B192F3051005C7294 /* InfoPlist.strings in Resources */,
			);
			runOnlyForDeploymentPostprocessing = 0;
		};
		F7873D4F192F3052005C7294 /* Resources */ = {
			isa = PBXResourcesBuildPhase;
			buildActionMask = 2147483647;
			files = (
				F7873D5D192F3052005C7294 /* InfoPlist.strings in Resources */,
			);
			runOnlyForDeploymentPostprocessing = 0;
		};
/* End PBXResourcesBuildPhase section */

/* Begin PBXSourcesBuildPhase section */
		F7873D29192F3051005C7294 /* Sources */ = {
			isa = PBXSourcesBuildPhase;
			buildActionMask = 2147483647;
			files = (
				F76C96B519397E7C00271859 /* URLViewController.m in Sources */,
				75CAE8BE1978BDDD00DAC68B /* AddPhotoViewController.m in Sources */,
				F7873D89192F4582005C7294 /* PhotomaniaAppDelegate+MOC.m in Sources */,
				F7873D79192F32A9005C7294 /* Photo+Flickr.m in Sources */,
				F757C4C71942F867005274A0 /* PhotosByPhotographerMapViewController.m in Sources */,
				F7873D41192F3051005C7294 /* PhotomaniaAppDelegate.m in Sources */,
				F7873D81192F38D9005C7294 /* Photographer+Create.m in Sources */,
				F7873D95193968E0005C7294 /* PhotosByPhotographerCDTVC.m in Sources */,
				F7873D981939714A005C7294 /* PhotosCDTVC.m in Sources */,
				F7873D90193962B5005C7294 /* ImageViewController.m in Sources */,
				F757C4CC1942FCB7005274A0 /* Photo.m in Sources */,
				F7873D8C1931CDF0005C7294 /* PhotographerCDTVC.m in Sources */,
				F7873D88192F4582005C7294 /* CoreDataTableViewController.m in Sources */,
				F7873D3D192F3051005C7294 /* main.m in Sources */,
				F757C4CF1942FF26005274A0 /* Photo+Annotation.m in Sources */,
				F7873D4A192F3051005C7294 /* PhotomaniaViewController.m in Sources */,
				F7873D76192F3263005C7294 /* Photographer.m in Sources */,
				F7873D7E192F348D005C7294 /* FlickrFetcher.m in Sources */,
				F757C4D219432204005274A0 /* PhotosByPhotographerImageViewController.m in Sources */,
				F7873D6A192F30B6005C7294 /* Photomania.xcdatamodeld in Sources */,
			);
			runOnlyForDeploymentPostprocessing = 0;
		};
		F7873D4D192F3052005C7294 /* Sources */ = {
			isa = PBXSourcesBuildPhase;
			buildActionMask = 2147483647;
			files = (
				F7873D5F192F3052005C7294 /* PhotomaniaTests.m in Sources */,
			);
			runOnlyForDeploymentPostprocessing = 0;
		};
/* End PBXSourcesBuildPhase section */

/* Begin PBXTargetDependency section */
		F7873D57192F3052005C7294 /* PBXTargetDependency */ = {
			isa = PBXTargetDependency;
			target = F7873D2C192F3051005C7294 /* Photomania */;
			targetProxy = F7873D56192F3052005C7294 /* PBXContainerItemProxy */;
		};
/* End PBXTargetDependency section */

/* Begin PBXVariantGroup section */
		F7873D39192F3051005C7294 /* InfoPlist.strings */ = {
			isa = PBXVariantGroup;
			children = (
				F7873D3A192F3051005C7294 /* en */,
			);
			name = InfoPlist.strings;
			sourceTree = "<group>";
		};
		F7873D42192F3051005C7294 /* Main_iPhone.storyboard */ = {
			isa = PBXVariantGroup;
			children = (
				F7873D43192F3051005C7294 /* Base */,
			);
			name = Main_iPhone.storyboard;
			sourceTree = "<group>";
		};
		F7873D45192F3051005C7294 /* Main_iPad.storyboard */ = {
			isa = PBXVariantGroup;
			children = (
				F7873D46192F3051005C7294 /* Base */,
			);
			name = Main_iPad.storyboard;
			sourceTree = "<group>";
		};
		F7873D5B192F3052005C7294 /* InfoPlist.strings */ = {
			isa = PBXVariantGroup;
			children = (
				F7873D5C192F3052005C7294 /* en */,
			);
			name = InfoPlist.strings;
			sourceTree = "<group>";
		};
/* End PBXVariantGroup section */

/* Begin XCBuildConfiguration section */
		F7873D60192F3052005C7294 /* Debug */ = {
			isa = XCBuildConfiguration;
			buildSettings = {
				ALWAYS_SEARCH_USER_PATHS = NO;
				CLANG_CXX_LANGUAGE_STANDARD = "gnu++0x";
				CLANG_CXX_LIBRARY = "libc++";
				CLANG_ENABLE_MODULES = YES;
				CLANG_ENABLE_OBJC_ARC = YES;
				CLANG_WARN_BOOL_CONVERSION = YES;
				CLANG_WARN_CONSTANT_CONVERSION = YES;
				CLANG_WARN_DIRECT_OBJC_ISA_USAGE = YES_ERROR;
				CLANG_WARN_EMPTY_BODY = YES;
				CLANG_WARN_ENUM_CONVERSION = YES;
				CLANG_WARN_INT_CONVERSION = YES;
				CLANG_WARN_OBJC_ROOT_CLASS = YES_ERROR;
				CLANG_WARN__DUPLICATE_METHOD_MATCH = YES;
				"CODE_SIGN_IDENTITY[sdk=iphoneos*]" = "iPhone Developer";
				COPY_PHASE_STRIP = NO;
				GCC_C_LANGUAGE_STANDARD = gnu99;
				GCC_DYNAMIC_NO_PIC = NO;
				GCC_OPTIMIZATION_LEVEL = 0;
				GCC_PREPROCESSOR_DEFINITIONS = (
					"DEBUG=1",
					"$(inherited)",
				);
				GCC_SYMBOLS_PRIVATE_EXTERN = NO;
				GCC_WARN_64_TO_32_BIT_CONVERSION = YES;
				GCC_WARN_ABOUT_RETURN_TYPE = YES_ERROR;
				GCC_WARN_UNDECLARED_SELECTOR = YES;
				GCC_WARN_UNINITIALIZED_AUTOS = YES_AGGRESSIVE;
				GCC_WARN_UNUSED_FUNCTION = YES;
				GCC_WARN_UNUSED_VARIABLE = YES;
				IPHONEOS_DEPLOYMENT_TARGET = 7.1;
				ONLY_ACTIVE_ARCH = YES;
				SDKROOT = iphoneos;
				TARGETED_DEVICE_FAMILY = "1,2";
			};
			name = Debug;
		};
		F7873D61192F3052005C7294 /* Release */ = {
			isa = XCBuildConfiguration;
			buildSettings = {
				ALWAYS_SEARCH_USER_PATHS = NO;
				CLANG_CXX_LANGUAGE_STANDARD = "gnu++0x";
				CLANG_CXX_LIBRARY = "libc++";
				CLANG_ENABLE_MODULES = YES;
				CLANG_ENABLE_OBJC_ARC = YES;
				CLANG_WARN_BOOL_CONVERSION = YES;
				CLANG_WARN_CONSTANT_CONVERSION = YES;
				CLANG_WARN_DIRECT_OBJC_ISA_USAGE = YES_ERROR;
				CLANG_WARN_EMPTY_BODY = YES;
				CLANG_WARN_ENUM_CONVERSION = YES;
				CLANG_WARN_INT_CONVERSION = YES;
				CLANG_WARN_OBJC_ROOT_CLASS = YES_ERROR;
				CLANG_WARN__DUPLICATE_METHOD_MATCH = YES;
				"CODE_SIGN_IDENTITY[sdk=iphoneos*]" = "iPhone Developer";
				COPY_PHASE_STRIP = YES;
				ENABLE_NS_ASSERTIONS = NO;
				GCC_C_LANGUAGE_STANDARD = gnu99;
				GCC_WARN_64_TO_32_BIT_CONVERSION = YES;
				GCC_WARN_ABOUT_RETURN_TYPE = YES_ERROR;
				GCC_WARN_UNDECLARED_SELECTOR = YES;
				GCC_WARN_UNINITIALIZED_AUTOS = YES_AGGRESSIVE;
				GCC_WARN_UNUSED_FUNCTION = YES;
				GCC_WARN_UNUSED_VARIABLE = YES;
				IPHONEOS_DEPLOYMENT_TARGET = 7.1;
				SDKROOT = iphoneos;
				TARGETED_DEVICE_FAMILY = "1,2";
				VALIDATE_PRODUCT = YES;
			};
			name = Release;
		};
		F7873D63192F3052005C7294 /* Debug */ = {
			isa = XCBuildConfiguration;
			buildSettings = {
				ASSETCATALOG_COMPILER_APPICON_NAME = AppIcon;
				ASSETCATALOG_COMPILER_LAUNCHIMAGE_NAME = LaunchImage;
				GCC_PRECOMPILE_PREFIX_HEADER = YES;
				GCC_PREFIX_HEADER = "Photomania/Photomania-Prefix.pch";
				INFOPLIST_FILE = "Photomania/Photomania-Info.plist";
				PRODUCT_NAME = "$(TARGET_NAME)";
				WRAPPER_EXTENSION = app;
			};
			name = Debug;
		};
		F7873D64192F3052005C7294 /* Release */ = {
			isa = XCBuildConfiguration;
			buildSettings = {
				ASSETCATALOG_COMPILER_APPICON_NAME = AppIcon;
				ASSETCATALOG_COMPILER_LAUNCHIMAGE_NAME = LaunchImage;
				GCC_PRECOMPILE_PREFIX_HEADER = YES;
				GCC_PREFIX_HEADER = "Photomania/Photomania-Prefix.pch";
				INFOPLIST_FILE = "Photomania/Photomania-Info.plist";
				PRODUCT_NAME = "$(TARGET_NAME)";
				WRAPPER_EXTENSION = app;
			};
			name = Release;
		};
		F7873D66192F3052005C7294 /* Debug */ = {
			isa = XCBuildConfiguration;
			buildSettings = {
				BUNDLE_LOADER = "$(BUILT_PRODUCTS_DIR)/Photomania.app/Photomania";
				FRAMEWORK_SEARCH_PATHS = (
					"$(SDKROOT)/Developer/Library/Frameworks",
					"$(inherited)",
					"$(DEVELOPER_FRAMEWORKS_DIR)",
				);
				GCC_PRECOMPILE_PREFIX_HEADER = YES;
				GCC_PREFIX_HEADER = "Photomania/Photomania-Prefix.pch";
				GCC_PREPROCESSOR_DEFINITIONS = (
					"DEBUG=1",
					"$(inherited)",
				);
				INFOPLIST_FILE = "PhotomaniaTests/PhotomaniaTests-Info.plist";
				PRODUCT_NAME = "$(TARGET_NAME)";
				TEST_HOST = "$(BUNDLE_LOADER)";
				WRAPPER_EXTENSION = xctest;
			};
			name = Debug;
		};
		F7873D67192F3052005C7294 /* Release */ = {
			isa = XCBuildConfiguration;
			buildSettings = {
				BUNDLE_LOADER = "$(BUILT_PRODUCTS_DIR)/Photomania.app/Photomania";
				FRAMEWORK_SEARCH_PATHS = (
					"$(SDKROOT)/Developer/Library/Frameworks",
					"$(inherited)",
					"$(DEVELOPER_FRAMEWORKS_DIR)",
				);
				GCC_PRECOMPILE_PREFIX_HEADER = YES;
				GCC_PREFIX_HEADER = "Photomania/Photomania-Prefix.pch";
				INFOPLIST_FILE = "PhotomaniaTests/PhotomaniaTests-Info.plist";
				PRODUCT_NAME = "$(TARGET_NAME)";
				TEST_HOST = "$(BUNDLE_LOADER)";
				WRAPPER_EXTENSION = xctest;
			};
			name = Release;
		};
/* End XCBuildConfiguration section */

/* Begin XCConfigurationList section */
		F7873D28192F3051005C7294 /* Build configuration list for PBXProject "Photomania" */ = {
			isa = XCConfigurationList;
			buildConfigurations = (
				F7873D60192F3052005C7294 /* Debug */,
				F7873D61192F3052005C7294 /* Release */,
			);
			defaultConfigurationIsVisible = 0;
			defaultConfigurationName = Release;
		};
		F7873D62192F3052005C7294 /* Build configuration list for PBXNativeTarget "Photomania" */ = {
			isa = XCConfigurationList;
			buildConfigurations = (
				F7873D63192F3052005C7294 /* Debug */,
				F7873D64192F3052005C7294 /* Release */,
			);
			defaultConfigurationIsVisible = 0;
			defaultConfigurationName = Release;
		};
		F7873D65192F3052005C7294 /* Build configuration list for PBXNativeTarget "PhotomaniaTests" */ = {
			isa = XCConfigurationList;
			buildConfigurations = (
				F7873D66192F3052005C7294 /* Debug */,
				F7873D67192F3052005C7294 /* Release */,
			);
			defaultConfigurationIsVisible = 0;
			defaultConfigurationName = Release;
		};
/* End XCConfigurationList section */

/* Begin XCVersionGroup section */
		F7873D68192F30B6005C7294 /* Photomania.xcdatamodeld */ = {
			isa = XCVersionGroup;
			children = (
				F7873D69192F30B6005C7294 /* Photomania.xcdatamodel */,
			);
			currentVersion = F7873D69192F30B6005C7294 /* Photomania.xcdatamodel */;
			path = Photomania.xcdatamodeld;
			sourceTree = SOURCE_ROOT;
			versionGroupType = wrapper.xcdatamodel;
		};
/* End XCVersionGroup section */
	};
	rootObject = F7873D25192F3051005C7294 /* Project object */;
}
